# This file is automatically @generated by Cargo.
# It is not intended for manual editing.
version = 4

[[package]]
name = "bcp-app"
version = "0.1.0"

[[package]]
name = "bcp-core"
version = "0.1.0"

[[package]]
name = "bcp-render"
version = "0.1.0"

[[package]]
name = "bcp-scan"
version = "0.1.0"
